github.com/DataDog/datadog-go v2.2.0+incompatible/go.mod h1:LButxg5PwREeZtORoXG3tL4fMGNddJ+vMq1mwgfaqoQ=
github.com/alicebob/gopher-json v0.0.0-20230218143504-906a9b012302 h1:uvdUDbHQHO85qeSydJtItA4T55Pw6BtAejd0APRJOCE=
github.com/alicebob/miniredis/v2 v2.31.1 h1:7XAt0uUg3DtwEKW5ZAGa+K7FZV2DdKQo5K/6TTnfX8Y=
github.com/armon/go-metrics v0.0.0-20190430140413-ec5e00d3c878 h1:EFSB7Zo9Eg91v7MJPVsifUysc/wPdN+NOnVe6bWbdBM=
github.com/armon/go-metrics v0.0.0-20190430140413-ec5e00d3c878/go.mod h1:3AMJUQhVx52RsWOnlkpikZr01T/yAVN2gn0861vByNg=
github.com/beanstalkd/go-beanstalk v0.2.0 h1:6UOJugnu47uNB2jJO/lxyDgeD1Yds7owYi1USELqexA=
github.com/beanstalkd/go-beanstalk v0.2.0/go.mod h1:/G8YTyChOtpOArwLTQPY1CHB+i212+av35bkPXXj56Y=
github.com/beorn7/perks v0.0.0-20180321164747-3a771d992973/go.mod h1:Dwedo/Wpr24TaqPxmxbtue+5NUziq4I4S80YR8gNf3Q=
github.com/beorn7/perks v1.0.1 h1:VlbKKnNfV8bJzeqoa4cOKqO6bYr3WgKZxO8Z16+hsOM=
github.com/beorn7/perks v1.0.1/go.mod h1:G2ZrVWU2WbWT9wwq4/hrbKbnv/1ERSJQ0ibhJ6rlkpw=
github.com/bsm/ginkgo/v2 v2.12.0 h1:Ny8MWAHyOepLGlLKYmXG4IEkioBysk6GpaRTLC8zwWs=
github.com/bsm/gomega v1.27.10 h1:yeMWxP2pV2fG3FgAODIY8EiRE3dy0aeFYt4l7wh6yKA=
github.com/cenkalti/backoff/v4 v4.2.1 h1:y4OZtCnogmCPw98Zjyt5a6+QwPLGkiQsYW5oUqylYbM=
github.com/cenkalti/backoff/v4 v4.2.1/go.mod h1:Y3VNntkOUPxTVeUxJ/G5vcM//AlwfmyYozVcomhLiZE=
github.com/cespare/xxhash/v2 v2.2.0 h1:DC2CZ1Ep5Y4k3ZQ899DldepgrayRUGE6BBZ/cd9Cj44=
github.com/cespare/xxhash/v2 v2.2.0/go.mod h1:VGX0DQ3Q6kWi7AoAeZDth3/j3BFtOZR5XLFGgcrjCOs=
github.com/circonus-labs/circonus-gometrics v2.3.1+incompatible/go.mod h1:nmEj6Dob7S7YxXgwXpfOuvO54S+tGdZdw9fuRZt25Ag=
github.com/circonus-labs/circonusllhist v0.1.3/go.mod h1:kMXHVDlOchFAehlya5ePtbp5jckzBHf4XRpQvBOLI+I=
github.com/davecgh/go-spew v1.1.0/go.mod h1:J7Y8YcW2NihsgmVo/mv3lAwl/skON4iLHjSsI+c5H38=
github.com/davecgh/go-spew v1.1.1 h1:vj9j/u1bqnvCEfJOwUhtlOARqs3+rkHYY13jYWTU97c=
github.com/davecgh/go-spew v1.1.1/go.mod h1:J7Y8YcW2NihsgmVo/mv3lAwl/skON4iLHjSsI+c5H38=
github.com/dgryski/go-rendezvous v0.0.0-20200823014737-9f7001d12a5f h1:lO4WD4F/rVNCu3HqELle0jiPLLBs70cWOduZpkS1E78=
github.com/dgryski/go-rendezvous v0.0.0-20200823014737-9f7001d12a5f/go.mod h1:cuUVRXasLTGF7a8hSLbxyZXjz+1KgoB3wDUb6vlszIc=
github.com/fatih/color v1.7.0/go.mod h1:Zm6kSWBoL9eyXnKyktHP6abPY2pDugNf5KwzbycvMj4=
github.com/fatih/color v1.16.0 h1:zmkK9Ngbjj+K0yRhTVONQh1p/HknKYSlNT+vZCzyokM=
github.com/fatih/color v1.16.0/go.mod h1:fL2Sau1YI5c0pdGEVCbKQbLXB6edEj1ZgiY4NijnWvE=
github.com/go-logr/logr v1.2.2/go.mod h1:jdQByPbusPIv2/zmleS9BjJVeZ6kBagPoEUsqbVz/1A=
github.com/go-logr/logr v1.3.0 h1:2y3SDp0ZXuc6/cjLSZ+Q3ir+QB9T/iG5yYRXqsagWSY=
github.com/go-logr/logr v1.3.0/go.mod h1:9T104GzyrTigFIr8wt5mBrctHMim0Nb2HLGrmQ40KvY=
github.com/go-logr/stdr v1.2.2 h1:hSWxHoqTgW2S2qGc0LTAI563KZ5YKYRhT3MFKZMbjag=
github.com/go-logr/stdr v1.2.2/go.mod h1:mMo/vtBO5dYbehREoey6XUKy/eSumjCCveDpRre4VKE=
github.com/go-sql-driver/mysql v1.7.0/go.mod h1:OXbVy3sEdcQ2Doequ6Z5BW6fXNQTmx+9S1MCJN5yJMI=
github.com/gogo/protobuf v1.3.2 h1:Ov1cvc58UF3b5XjBnZv7+opcTcQFZebYjWzi34vdm4Q=
github.com/gogo/protobuf v1.3.2/go.mod h1:P1XiOD3dCwIKUDQYPy72D8LYyHL2YPYrpS2s69NZV8Q=
github.com/golang/glog v1.2.0 h1:uCdmnmatrKCgMBlM4rMuJZWOkPDqdbZPnrMXDY4gI68=
github.com/golang/protobuf v1.2.0/go.mod h1:6lQm79b+lXiMfvg/cZm0SGofjICqVBUtrP5yJMmIC1U=
github.com/golang/protobuf v1.4.0-rc.1/go.mod h1:ceaxUfeHdC40wWswd/P6IGgMaK3YpKi5j83Wpe3EHw8=
github.com/golang/protobuf v1.4.0-rc.1.0.20200221234624-67d41d38c208/go.mod h1:xKAWHe0F5eneWXFV3EuXVDTCmh+JuBKY0li0aMyXATA=
github.com/golang/protobuf v1.4.0-rc.2/go.mod h1:LlEzMj4AhA7rCAGe4KMBDvJI+AwstrUpVNzEA03Pprs=
github.com/golang/protobuf v1.4.0-rc.4.0.20200313231945-b860323f09d0/go.mod h1:WU3c8KckQ9AFe+yFwt9sWVRKCVIyN9cPHBJSNnbL67w=
github.com/golang/protobuf v1.4.0/go.mod h1:jodUvKwWbYaEsadDk5Fwe5c77LiNKVO9IDvqG2KuDX0=
github.com/golang/protobuf v1.4.2/go.mod h1:oDoupMAO8OvCJWAcko0GGGIgR6R6ocIYbsSw735rRwI=
github.com/golang/protobuf v1.5.0/go.mod h1:FsONVRAS9T7sI+LIUmWTfcYkHO4aIWwzhcaSAoJOfIk=
github.com/golang/protobuf v1.5.3 h1:KhyjKVUg7Usr/dYsdSqoFveMYd5ko72D+zANwlG1mmg=
github.com/golang/protobuf v1.5.3/go.mod h1:XVQd3VNwM+JqD3oG2Ue2ip4fOMUkwXdXDdiuN0vRsmY=
github.com/google/go-cmp v0.3.0/go.mod h1:8QqcDgzrUqlUb/G2PQTWiueGozuR1884gddMywk6iLU=
github.com/google/go-cmp v0.3.1/go.mod h1:8QqcDgzrUqlUb/G2PQTWiueGozuR1884gddMywk6iLU=
github.com/google/go-cmp v0.4.0/go.mod h1:v8dTdLbMG2kIc/vJvl+f65V22dbkXbowE6jgT/gNBxE=
github.com/google/go-cmp v0.5.5/go.mod h1:v8dTdLbMG2kIc/vJvl+f65V22dbkXbowE6jgT/gNBxE=
github.com/google/go-cmp v0.5.8/go.mod h1:17dUlkBOakJ0+DkrSSNjCkIjxS6bF9zb3elmeNGIjoY=
github.com/google/go-cmp v0.6.0 h1:ofyhxvXcZhMsU5ulbFiLKl/XBFqE1GSq7atu8tAmTRI=
github.com/google/uuid v1.6.0 h1:NIvaJDMOsjHA8n1jAhLSgzrAzy1Hgr+hNrb57e+94F0=
github.com/grpc-ecosystem/grpc-gateway/v2 v2.18.0 h1:RtRsiaGvWxcwd8y3BiRZxsylPT8hLWZ5SPcfI+3IDNk=
github.com/grpc-ecosystem/grpc-gateway/v2 v2.18.0/go.mod h1:TzP6duP4Py2pHLVPPQp42aoYI92+PCrVotyR5e8Vqlk=
github.com/h2non/parth v0.0.0-20190131123155-b4df798d6542 h1:2VTzZjLZBgl62/EtslCrtky5vbi9dd7HrQPQIx6wqiw=
github.com/hashicorp/go-cleanhttp v0.5.0/go.mod h1:JpRdi6/HCYpAwUzNwuwqhbovhLtngrth3wmdIIUrZ80=
github.com/hashicorp/go-hclog v0.9.1/go.mod h1:5CU+agLiy3J7N7QjHK5d05KxGsuXiQLrjA0H7acj2lQ=
github.com/hashicorp/go-hclog v1.1.0 h1:QsGcniKx5/LuX2eYoeL+Np3UKYPNaN7YKpTh29h8rbw=
github.com/hashicorp/go-hclog v1.1.0/go.mod h1:whpDNt7SSdeAju8AWKIWsul05p54N/39EeqMAyrmvFQ=
github.com/hashicorp/go-immutable-radix v1.0.0 h1:AKDB1HM5PWEA7i4nhcpwOrO2byshxBjXVn/J/3+z5/0=
github.com/hashicorp/go-immutable-radix v1.0.0/go.mod h1:0y9vanUI8NX6FsYoO3zeMjhV/C5i9g4Q3DwcSNZ4P60=
github.com/hashicorp/go-msgpack v0.5.5/go.mod h1:ahLV/dePpqEmjfWmKiqvPkv/twdG7iPBM1vqhUKIvfM=
github.com/hashicorp/go-msgpack v1.1.5 h1:9byZdVjKTe5mce63pRVNP1L7UAmdHOTEMGehn6KvJWs=
github.com/hashicorp/go-msgpack v1.1.5/go.mod h1:gWVc3sv/wbDmR3rQsj1CAktEZzoz1YNK9NfGLXJ69/4=
github.com/hashicorp/go-retryablehttp v0.5.3/go.mod h1:9B5zBasrRhHXnJnui7y6sL7es7NDiJgTc6Er0maI1Xs=
github.com/hashicorp/go-uuid v1.0.0/go.mod h1:6SBZvOh/SIDV7/2o3Jml5SYk/TvGqwFJ/bN7x4byOro=
github.com/hashicorp/golang-lru v0.5.0 h1:CL2msUPvZTLb5O648aiLNJw3hnBxN2+1Jq8rCOH9wdo=
github.com/hashicorp/golang-lru v0.5.0/go.mod h1:/m3WP610KZHVQ1SGc6re/UDhFvYD7pJ4Ao+sR/qLZy8=
github.com/hashicorp/raft v1.3.11 h1:p3v6gf6l3S797NnK5av3HcczOC1T5CLoaRvg0g9ys4A=
github.com/hashicorp/raft v1.3.11/go.mod h1:J8naEwc6XaaCfts7+28whSeRvCqTd6e20BlCU3LtEO4=
github.com/kisielk/errcheck v1.5.0/go.mod h1:pFxgyoBC7bSaBwPgfKdkLd5X25qrDl4LWUI2bnpBCr8=
github.com/kisielk/gotool v1.0.0/go.mod h1:XhKaO+MFFWcvkIS/tQcRk01m1F5IRFswLeQ+oQHNcck=
github.com/klauspost/compress v1.15.9/go.mod h1:PhcZ0MbTNciWF3rruxRgKxI5NkcHHrHUDtV4Yw2GlzU=
github.com/klauspost/compress v1.15.11/go.mod h1:QPwzmACJjUTFsnSHH934V6woptycfrDDJnH7hvFVbGM=
github.com/klauspost/compress v1.17.7 h1:ehO88t2UGzQK66LMdE8tibEd1ErmzZjNEqWkjLAKQQg=
github.com/klauspost/compress v1.17.7/go.mod h1:Di0epgTjJY877eYKx5yC51cX2A2Vl2ibi7bDH9ttBbw=
github.com/kr/pretty v0.1.0/go.mod h1:dAy3ld7l9f0ibDNOQOHHMYYIIbhfbHSm3C4ZsoJORNo=
github.com/kr/pretty v0.3.1 h1:flRD4NNwYAUpkphVc1HcthR4KEIFJ65n8Mw5qdRn3LE=
github.com/kr/pty v1.1.1/go.mod h1:pFQYn66WHrOpPYNljwOMqo10TkYh1fy3cYio2l3bCsQ=
github.com/kr/text v0.1.0/go.mod h1:4Jbv+DJW3UT/LiOwJeYQe1efqtUx/iVham/4vfdArNI=
github.com/kr/text v0.2.0 h1:5Nx0Ya0ZqY2ygV366QzturHI13Jq95ApcVaJBhpS+AY=
github.com/lib/pq v1.10.4/go.mod h1:AlVN5x4E4T544tWzH6hKfbfQvm3HdbOxrmggDNAPY9o=
github.com/mattn/go-colorable v0.1.4/go.mod h1:U0ppj6V5qS13XJ6of8GYAs25YV2eR4EVcfRqFIhoBtE=
github.com/mattn/go-colorable v0.1.13 h1:fFA4WZxdEF4tXPZVKMLwD8oUnCTTo08duU7wxecdEvA=
github.com/mattn/go-colorable v0.1.13/go.mod h1:7S9/ev0klgBDR4GtXTXX8a3vIGJpMovkB8vQcUbaXHg=
github.com/mattn/go-isatty v0.0.8/go.mod h1:Iq45c/XA43vh69/j3iqttzPXn0bhXyGjM0Hdxcsrc5s=
github.com/mattn/go-isatty v0.0.10/go.mod h1:qgIWMr58cqv1PHHyhnkY9lrL7etaEgOFcMEpPG5Rm84=
github.com/mattn/go-isatty v0.0.16/go.mod h1:kYGgaQfpe5nmfYZH+SKPsOc2e4SrIfOl2e/yFXSvRLM=
github.com/mattn/go-isatty v0.0.20 h1:xfD0iDuEKnDkl03q4limB+vH+GxLEtL/jb4xVJSWWEY=
github.com/mattn/go-isatty v0.0.20/go.mod h1:W+V8PltTTMOvKvAeJH7IuucS94S2C6jfK/D7dTCTo3Y=
github.com/matttproud/golang_protobuf_extensions v1.0.1/go.mod h1:D8He9yQNgCq6Z5Ld7szi9bcBfOoFv/3dc6xSMkL2PC0=
github.com/matttproud/golang_protobuf_extensions/v2 v2.0.0 h1:jWpvCLoY8Z/e3VKvlsiIGKtc+UG6U5vzxaoagmhXfyg=
github.com/matttproud/golang_protobuf_extensions/v2 v2.0.0/go.mod h1:QUyp042oQthUoa9bqDv0ER0wrtXnBruoNd7aNjkbP+k=
github.com/minio/highwayhash v1.0.2 h1:Aak5U0nElisjDCfPSG79Tgzkn2gl66NxOMspRrKnA/g=
github.com/minio/highwayhash v1.0.2/go.mod h1:BQskDq+xkJ12lmlUUi7U0M5Swg3EWR+dLTk+kldvVxY=
github.com/nats-io/jwt/v2 v2.3.0 h1:z2mA1a7tIf5ShggOFlR1oBPgd6hGqcDYsISxZByUzdI=
github.com/nats-io/jwt/v2 v2.3.0/go.mod h1:0tqz9Hlu6bCBFLWAASKhE5vUA4c24L9KPUUgvwumE/k=
github.com/nats-io/nats-server/v2 v2.9.11/go.mod h1:b0oVuxSlkvS3ZjMkncFeACGyZohbO4XhSqW1Lt7iRRY=
github.com/nats-io/nats-server/v2 v2.9.15 h1:MuwEJheIwpvFgqvbs20W8Ish2azcygjf4Z0liVu2I4c=
github.com/nats-io/nats-server/v2 v2.9.15/go.mod h1:QlCTy115fqpx4KSOPFIxSV7DdI6OxtZsGOL1JLdeRlE=
github.com/nats-io/nats-streaming-server v0.25.3 h1:A9dmf4fMIxFPBGqgwePljWsBePMEjl3ugsIwK6F2wow=
github.com/nats-io/nats-streaming-server v0.25.3/go.mod h1:0Cyht7y75el3if3Qdq31OPc/TNjVwzglMPz04Hn77kk=
github.com/nats-io/nats.go v1.19.0/go.mod h1:tLqubohF7t4z3du1QDPYJIQQyhb4wl6DhjxEajSI7UA=
github.com/nats-io/nats.go v1.22.1/go.mod h1:tLqubohF7t4z3du1QDPYJIQQyhb4wl6DhjxEajSI7UA=
github.com/nats-io/nats.go v1.34.1 h1:syWey5xaNHZgicYBemv0nohUPPmaLteiBEUT6Q5+F/4=
github.com/nats-io/nats.go v1.34.1/go.mod h1:Ubdu4Nh9exXdSz0RVWRFBbRfrbSxOYd26oF0wkWclB8=
github.com/nats-io/nkeys v0.3.0/go.mod h1:gvUNGjVcM2IPr5rCsRsC6Wb3Hr2CQAm08dsxtV6A5y4=
github.com/nats-io/nkeys v0.4.7 h1:RwNJbbIdYCoClSDNY7QVKZlyb/wfT6ugvFCiKy6vDvI=
github.com/nats-io/nkeys v0.4.7/go.mod h1:kqXRgRDPlGy7nGaEDMuYzmiJCIAAWDK0IMBtDmGD0nc=
github.com/nats-io/nuid v1.0.1 h1:5iA8DT8V7q8WK2EScv2padNa/rTESc1KdnPw4TC2paw=
github.com/nats-io/nuid v1.0.1/go.mod h1:19wcPz3Ph3q0Jbyiqsd0kePYG7A95tJPxeL+1OSON2c=
github.com/nats-io/stan.go v0.10.4 h1:19GS/eD1SeQJaVkeM9EkvEYattnvnWrZ3wkSWSw4uXw=
github.com/nats-io/stan.go v0.10.4/go.mod h1:3XJXH8GagrGqajoO/9+HgPyKV5MWsv7S5ccdda+pc6k=
github.com/openzipkin/zipkin-go v0.4.2 h1:zjqfqHjUpPmB3c1GlCvvgsM1G4LkvqQbBDueDOCg/jA=
github.com/openzipkin/zipkin-go v0.4.2/go.mod h1:ZeVkFjuuBiSy13y8vpSDCjMi9GoI3hPpCJSBx/EYFhY=
github.com/pascaldekloe/goe v0.1.0/go.mod h1:lzWF7FIEvWOWxwDKqyGYQf6ZUaNfKdP144TG7ZOy1lc=
github.com/pelletier/go-toml/v2 v2.1.1 h1:LWAJwfNvjQZCFIDKWYQaM62NcYeYViCmWIwmOStowAI=
github.com/pelletier/go-toml/v2 v2.1.1/go.mod h1:tJU2Z3ZkXwnxa4DPO899bsyIoywizdUvyaeZurnPPDc=
github.com/pierrec/lz4/v4 v4.1.15/go.mod h1:gZWDp/Ze/IJXGXf23ltt2EXimqmTUXEy0GFuRQyBid4=
github.com/pierrec/lz4/v4 v4.1.17 h1:kV4Ip+/hUBC+8T6+2EgburRtkE9ef4nbY3f4dFhGjMc=
github.com/pierrec/lz4/v4 v4.1.17/go.mod h1:gZWDp/Ze/IJXGXf23ltt2EXimqmTUXEy0GFuRQyBid4=
github.com/pkg/errors v0.8.1/go.mod h1:bwawxfHBFNV+L2hUp1rHADufV3IMtnDRdf1r5NINEl0=
github.com/pmezard/go-difflib v1.0.0 h1:4DBwDE0NGyQoBHbLQYPwSUPoCMWR5BEzIk/f1lZbAQM=
github.com/pmezard/go-difflib v1.0.0/go.mod h1:iKH77koFhYxTK1pcRnkKkqfTogsbg7gZNVY4sRDYZ/4=
github.com/prashantv/gostub v1.1.0 h1:BTyx3RfQjRHnUWaGF9oQos79AlQ5k8WNktv7VGvVH4g=
github.com/prashantv/gostub v1.1.0/go.mod h1:A5zLQHz7ieHGG7is6LLXLz7I8+3LZzsrV0P1IAHhP5U=
github.com/prometheus/client_golang v0.9.2/go.mod h1:OsXs2jCmiKlQ1lTBmv21f2mNfw4xf/QclQDMrYNZzcM=
github.com/prometheus/client_golang v1.18.0 h1:HzFfmkOzH5Q8L8G+kSJKUx5dtG87sewO+FoDDqP5Tbk=
github.com/prometheus/client_golang v1.18.0/go.mod h1:T+GXkCk5wSJyOqMIzVgvvjFDlkOQntgjkJWKrN5txjA=
github.com/prometheus/client_model v0.0.0-20180712105110-5c3871d89910/go.mod h1:MbSGuTsp3dbXC40dX6PRTWyKYBIrTGTE9sqQNg2J8bo=
github.com/prometheus/client_model v0.5.0 h1:VQw1hfvPvk3Uv6Qf29VrPF32JB6rtbgI6cYPYQjL0Qw=
github.com/prometheus/client_model v0.5.0/go.mod h1:dTiFglRmd66nLR9Pv9f0mZi7B7fk5Pm3gvsjB5tr+kI=
github.com/prometheus/common v0.0.0-20181126121408-4724e9255275/go.mod h1:daVV7qP5qjZbuso7PdcryaAu0sAZbrN9i7WWcTMWvro=
github.com/prometheus/common v0.45.0 h1:2BGz0eBc2hdMDLnO/8n0jeB3oPrt2D08CekT0lneoxM=
github.com/prometheus/common v0.45.0/go.mod h1:YJmSTw9BoKxJplESWWxlbyttQR4uaEcGyv9MZjVOJsY=
github.com/prometheus/procfs v0.0.0-20181204211112-1dc9a6cbc91a/go.mod h1:c3At6R/oaqEKCNdg8wHV1ftS6bRYblBhIjjI8uT2IGk=
github.com/prometheus/procfs v0.8.0/go.mod h1:z7EfXMXOkbkqb9IINtpCn86r/to3BnA0uaxHdg830/4=
github.com/prometheus/procfs v0.12.0 h1:jluTpSng7V9hY0O2R9DzzJHYb2xULk9VTR1V1R/k6Bo=
github.com/prometheus/procfs v0.12.0/go.mod h1:pcuDEFsWDnvcgNzo4EEweacyhjeA9Zk3cnaOZAZEfOo=
github.com/rabbitmq/amqp091-go v1.9.0 h1:qrQtyzB4H8BQgEuJwhmVQqVHB9O4+MNDJCCAcpc3Aoo=
github.com/rabbitmq/amqp091-go v1.9.0/go.mod h1:+jPrT9iY2eLjRaMSRHUhc3z14E/l85kv/f+6luSD3pc=
github.com/redis/go-redis/v9 v9.4.0 h1:Yzoz33UZw9I/mFhx4MNrB6Fk+XHO1VukNcCa1+lwyKk=
github.com/redis/go-redis/v9 v9.4.0/go.mod h1:hdY0cQFCN4fnSYT6TkisLufl/4W5UIXyv0b/CLO2V2M=
github.com/rogpeppe/go-internal v1.10.0 h1:TMyTOH3F/DB16zRVcYyreMH6GnZZrwQVAoYjRBZyWFQ=
github.com/segmentio/kafka-go v0.4.38 h1:iQdOBbUSdfuYlFpvjuALgj7N6DrdPA0HfB4AhREOdtg=
github.com/segmentio/kafka-go v0.4.38/go.mod h1:ikyuGon/60MN/vXFgykf7Zm8P5Be49gJU6vezwjnnhU=
github.com/spaolacci/murmur3 v1.1.0 h1:7c1g84S4BPRrfL5Xrdp6fOJ206sU9y293DDHaoy0bLI=
github.com/spaolacci/murmur3 v1.1.0/go.mod h1:JwIasOWyU6f++ZhiEuf87xNszmSA2myDM2Kzu9HwQUA=
github.com/stretchr/objx v0.1.0/go.mod h1:HFkY916IF+rwdDfMAkV7OtwuqBVzrE8GR6GFx+wExME=
github.com/stretchr/objx v0.4.0/go.mod h1:YvHI0jy2hoMjB+UWwv71VJQ9isScKT/TqJzVSSt89Yw=
github.com/stretchr/objx v0.5.0/go.mod h1:Yh+to48EsGEfYuaHDzXPcE3xhTkx73EhmCGUpEOglKo=
github.com/stretchr/objx v0.5.2 h1:xuMeJ0Sdp5ZMRXx/aWO6RZxdr3beISkG5/G/aIRr3pY=
github.com/stretchr/testify v1.2.2/go.mod h1:a8OnRcib4nhh0OaRAV+Yts87kKdq0PP7pXfy6kDkUVs=
github.com/stretchr/testify v1.3.0/go.mod h1:M5WIy9Dh21IEIfnGCwXGc5bZfKNJtfHm1UVUgZn+9EI=
github.com/stretchr/testify v1.7.0/go.mod h1:6Fq8oRcR53rry900zMqJjRRixrwX3KX962/h/Wwjteg=
github.com/stretchr/testify v1.7.1/go.mod h1:6Fq8oRcR53rry900zMqJjRRixrwX3KX962/h/Wwjteg=
github.com/stretchr/testify v1.8.0/go.mod h1:yNjHg4UonilssWZ8iaSj1OCr/vHnekPRkoO+kdMU+MU=
github.com/stretchr/testify v1.8.4/go.mod h1:sz/lmYIOXD/1dqDmKjjqLyZ2RngseejIcXlSw2iwfAo=
github.com/stretchr/testify v1.9.0 h1:HtqpIVDClZ4nwg75+f6Lvsy/wHu+3BoSGCbBAcpTsTg=
github.com/stretchr/testify v1.9.0/go.mod h1:r2ic/lqez/lEtzL7wO/rwa5dbSLXVDPFyf8C91i36aY=
github.com/tv42/httpunix v0.0.0-20150427012821-b75d8614f926/go.mod h1:9ESjWnEqriFuLhtthL60Sar/7RFoluCcXsuvEwTV5KM=
github.com/xdg/scram v1.0.5 h1:TuS0RFmt5Is5qm9Tm2SoD89OPqe4IRiFtyFY4iwWXsw=
github.com/xdg/scram v1.0.5/go.mod h1:lB8K/P019DLNhemzwFU4jHLhdvlE6uDZjXFejJXr49I=
github.com/xdg/stringprep v1.0.3 h1:cmL5Enob4W83ti/ZHuZLuKD/xqJfus4fVPwE+/BDm+4=
github.com/xdg/stringprep v1.0.3/go.mod h1:Jhud4/sHMO4oL310DaZAKk9ZaJ08SJfe+sJh0HrGL1Y=
github.com/yuin/goldmark v1.1.27/go.mod h1:3hX8gzYuyVAZsxl0MRgGTJEmQBFcNTphYh9decYSb74=
github.com/yuin/goldmark v1.2.1/go.mod h1:3hX8gzYuyVAZsxl0MRgGTJEmQBFcNTphYh9decYSb74=
github.com/yuin/goldmark v1.4.13/go.mod h1:6yULJ656Px+3vBD8DxQVa3kxgyrAnzto9xy5taEt/CY=
github.com/yuin/gopher-lua v1.1.0 h1:BojcDhfyDWgU2f2TOzYK/g5p2gxMrku8oupLDqlnSqE=
github.com/zeromicro/go-zero v1.6.3 h1:OL0NnHD5LdRNDolfcK9vUkJt7K8TcBE3RkzfM8poOVw=
github.com/zeromicro/go-zero v1.6.3/go.mod h1:XZL435ZxVi9MSXXtw2MRQhHgx6OoX3++MRMOE9xU70c=
go.etcd.io/bbolt v1.3.6 h1:/ecaJf0sk1l4l6V4awd65v2C3ILy7MSj+s/x1ADCIMU=
go.etcd.io/bbolt v1.3.6/go.mod h1:qXsaaIqmgQH0T+OPdb99Bf+PKfBBQVAdyD6TY9G8XM4=
go.opentelemetry.io/otel v1.19.0 h1:MuS/TNf4/j4IXsZuJegVzI1cwut7Qc00344rgH7p8bs=
go.opentelemetry.io/otel v1.19.0/go.mod h1:i0QyjOq3UPoTzff0PJB2N66fb4S0+rSbSB15/oyH9fY=
go.opentelemetry.io/otel/exporters/jaeger v1.17.0 h1:D7UpUy2Xc2wsi1Ras6V40q806WM07rqoCWzXu7Sqy+4=
go.opentelemetry.io/otel/exporters/jaeger v1.17.0/go.mod h1:nPCqOnEH9rNLKqH/+rrUjiMzHJdV1BlpKcTwRTyKkKI=
go.opentelemetry.io/otel/exporters/otlp/otlptrace v1.19.0 h1:Mne5On7VWdx7omSrSSZvM4Kw7cS7NQkOOmLcgscI51U=
go.opentelemetry.io/otel/exporters/otlp/otlptrace v1.19.0/go.mod h1:IPtUMKL4O3tH5y+iXVyAXqpAwMuzC1IrxVS81rummfE=
go.opentelemetry.io/otel/exporters/otlp/otlptrace/otlptracegrpc v1.19.0 h1:3d+S281UTjM+AbF31XSOYn1qXn3BgIdWl8HNEpx08Jk=
go.opentelemetry.io/otel/exporters/otlp/otlptrace/otlptracegrpc v1.19.0/go.mod h1:0+KuTDyKL4gjKCF75pHOX4wuzYDUZYfAQdSu43o+Z2I=
go.opentelemetry.io/otel/exporters/otlp/otlptrace/otlptracehttp v1.19.0 h1:IeMeyr1aBvBiPVYihXIaeIZba6b8E1bYp7lbdxK8CQg=
go.opentelemetry.io/otel/exporters/otlp/otlptrace/otlptracehttp v1.19.0/go.mod h1:oVdCUtjq9MK9BlS7TtucsQwUcXcymNiEDjgDD2jMtZU=
go.opentelemetry.io/otel/exporters/stdout/stdouttrace v1.19.0 h1:Nw7Dv4lwvGrI68+wULbcq7su9K2cebeCUrDjVrUJHxM=
go.opentelemetry.io/otel/exporters/stdout/stdouttrace v1.19.0/go.mod h1:1MsF6Y7gTqosgoZvHlzcaaM8DIMNZgJh87ykokoNH7Y=
go.opentelemetry.io/otel/exporters/zipkin v1.19.0 h1:EGY0h5mGliP9o/nIkVuLI0vRiQqmsYOcbwCuotksO1o=
go.opentelemetry.io/otel/exporters/zipkin v1.19.0/go.mod h1:JQgTGJP11yi3o4GHzIWYodhPisxANdqxF1eHwDSnJrI=
go.opentelemetry.io/otel/metric v1.19.0 h1:aTzpGtV0ar9wlV4Sna9sdJyII5jTVJEvKETPiOKwvpE=
go.opentelemetry.io/otel/metric v1.19.0/go.mod h1:L5rUsV9kM1IxCj1MmSdS+JQAcVm319EUrDVLrt7jqt8=
go.opentelemetry.io/otel/sdk v1.19.0 h1:6USY6zH+L8uMH8L3t1enZPR3WFEmSTADlqldyHtJi3o=
go.opentelemetry.io/otel/sdk v1.19.0/go.mod h1:NedEbbS4w3C6zElbLdPJKOpJQOrGUJ+GfzpjUvI0v1A=
go.opentelemetry.io/otel/trace v1.19.0 h1:DFVQmlVbfVeOuBRrwdtaehRrWiL1JoVs9CPIQ1Dzxpg=
go.opentelemetry.io/otel/trace v1.19.0/go.mod h1:mfaSyvGyEJEI0nyV2I4qhNQnbBOUUmYZpYojqMnX2vo=
go.opentelemetry.io/proto/otlp v1.0.0 h1:T0TX0tmXU8a3CbNXzEKGeU5mIVOdf0oykP+u2lIVU/I=
go.opentelemetry.io/proto/otlp v1.0.0/go.mod h1:Sy6pihPLfYHkr3NkUbEhGHFhINUSI/v80hjKIs5JXpM=
go.uber.org/automaxprocs v1.5.1/go.mod h1:BF4eumQw0P9GtnuxxovUd06vwm1o18oMzFtK66vU6XU=
go.uber.org/automaxprocs v1.5.3 h1:kWazyxZUrS3Gs4qUpbwo5kEIMGe/DAvi5Z4tl2NW4j8=
go.uber.org/automaxprocs v1.5.3/go.mod h1:eRbA25aqJrxAbsLO0xy5jVwPt7FQnRgjW+efnwa1WM0=
go.uber.org/goleak v1.2.1 h1:NBol2c7O1ZokfZ0LEU9K6Whx/KnwvepVetCUhtKja4A=
go.uber.org/goleak v1.2.1/go.mod h1:qlT2yGI9QafXHhZZLxlSuNsMw3FFLxBr+tBRlmO1xH4=
golang.org/x/crypto v0.0.0-20190308221718-c2843e01d9a2/go.mod h1:djNgcEr1/C05ACkg1iLfiJU5Ep61QUkGW8qpdssI0+w=
golang.org/x/crypto v0.0.0-20191011191535-87dc89f01550/go.mod h1:yigFU9vqHzYiE8UmvKecakEJjdnWj3jj499lnFckfCI=
golang.org/x/crypto v0.0.0-20200622213623-75b288015ac9/go.mod h1:LzIPMQfyMNhhGPhUkYOs5KpL4U8rLKemX1yGLhDgUto=
golang.org/x/crypto v0.0.0-20210314154223-e6e6c4f2bb5b/go.mod h1:T9bdIzuCu7OtxOm1hfPfRQxPLYneinmdGuTeoZ9dtd4=
golang.org/x/crypto v0.0.0-20210921155107-089bfa567519/go.mod h1:GvvjBRRGRdwPK5ydBHafDWAxML/pGHZbMvKqRZ5+Abc=
golang.org/x/crypto v0.0.0-20220622213112-05595931fe9d/go.mod h1:IxCIyHEi3zRg3s0A5j5BB6A9Jmi73HwBIUl50j+osU4=
golang.org/x/crypto v0.5.0/go.mod h1:NK/OQwhpMQP3MwtdjgLlYHnH9ebylxKWv3e0fK+mkQU=
golang.org/x/crypto v0.22.0 h1:g1v0xeRhjcugydODzvb3mEM9SQ0HGp9s/nh3COQ/C30=
golang.org/x/crypto v0.22.0/go.mod h1:vr6Su+7cTlO45qkww3VDJlzDn0ctJvRgYbC2NvXHt+M=
golang.org/x/mod v0.2.0/go.mod h1:s0Qsj1ACt9ePp/hMypM3fl4fZqREWJwdYDEqhRiZZUA=
golang.org/x/mod v0.3.0/go.mod h1:s0Qsj1ACt9ePp/hMypM3fl4fZqREWJwdYDEqhRiZZUA=
golang.org/x/mod v0.6.0-dev.0.20220419223038-86c51ed26bb4/go.mod h1:jJ57K6gSWd91VN4djpZkiMVwK6gcyfeH4XE8wZrZaV4=
golang.org/x/net v0.0.0-20181201002055-351d144fa1fc/go.mod h1:mL1N/T3taQHkDXs73rZJwtUhF3w3ftmwwsq0BUmARs4=
golang.org/x/net v0.0.0-20190311183353-d8887717615a/go.mod h1:t9HGtf8HONx5eT2rtn7q6eTqICYqUVnKs3thJo3Qplg=
golang.org/x/net v0.0.0-20190404232315-eb5bcb51f2a3/go.mod h1:t9HGtf8HONx5eT2rtn7q6eTqICYqUVnKs3thJo3Qplg=
golang.org/x/net v0.0.0-20190620200207-3b0461eec859/go.mod h1:z5CRVTTTmAJ677TzLLGU+0bjPO0LkuOLi4/5GtJWs/s=
golang.org/x/net v0.0.0-20200226121028-0de0cce0169b/go.mod h1:z5CRVTTTmAJ677TzLLGU+0bjPO0LkuOLi4/5GtJWs/s=
golang.org/x/net v0.0.0-20201021035429-f5854403a974/go.mod h1:sp8m0HH+o8qH0wwXwYZr8TS3Oi6o0r6Gce1SSxlDquU=
golang.org/x/net v0.0.0-20210226172049-e18ecbb05110/go.mod h1:m0MpNAwzfU5UDzcl9v0D8zg8gWTRqZa9RBIspLL5mdg=
golang.org/x/net v0.0.0-20211112202133-69e39bad7dc2/go.mod h1:9nx3DQGgdP8bBQD5qxJ1jj9UTztislL4KSBs9R2vV5Y=
golang.org/x/net v0.0.0-20220706163947-c90051bbdb60/go.mod h1:XRhObCWvk6IyKnWLug+ECip1KBveYUHfp+8e9klMJ9c=
golang.org/x/net v0.0.0-20220722155237-a158d28d115b/go.mod h1:XRhObCWvk6IyKnWLug+ECip1KBveYUHfp+8e9klMJ9c=
golang.org/x/net v0.5.0/go.mod h1:DivGGAXEgPSlEBzxGzZI+ZLohi+xUj054jfeKui00ws=
golang.org/x/net v0.21.0 h1:AQyQV4dYCvJ7vGmJyKki9+PBdyvhkSd8EIx/qb0AYv4=
golang.org/x/net v0.21.0/go.mod h1:bIjVDfnllIU7BJ2DNgfnXvpSvtn8VRwhlsaeUTyUS44=
golang.org/x/sync v0.0.0-20181108010431-42b317875d0f/go.mod h1:RxMgew5VJxzue5/jJTE5uejpjVlOe/izrB70Jof72aM=
golang.org/x/sync v0.0.0-20190423024810-112230192c58/go.mod h1:RxMgew5VJxzue5/jJTE5uejpjVlOe/izrB70Jof72aM=
golang.org/x/sync v0.0.0-20190911185100-cd5d95a43a6e/go.mod h1:RxMgew5VJxzue5/jJTE5uejpjVlOe/izrB70Jof72aM=
golang.org/x/sync v0.0.0-20201020160332-67f06af15bc9/go.mod h1:RxMgew5VJxzue5/jJTE5uejpjVlOe/izrB70Jof72aM=
golang.org/x/sync v0.0.0-20220601150217-0de741cfad7f/go.mod h1:RxMgew5VJxzue5/jJTE5uejpjVlOe/izrB70Jof72aM=
golang.org/x/sync v0.0.0-20220722155255-886fb9371eb4/go.mod h1:RxMgew5VJxzue5/jJTE5uejpjVlOe/izrB70Jof72aM=
golang.org/x/sys v0.0.0-20190130150945-aca44879d564/go.mod h1:STP8DvDyc/dI5b8T5hshtkjS+E42TnysNCUPdjciGhY=
golang.org/x/sys v0.0.0-20190215142949-d0b11bdaac8a/go.mod h1:STP8DvDyc/dI5b8T5hshtkjS+E42TnysNCUPdjciGhY=
golang.org/x/sys v0.0.0-20190222072716-a9d3bda3a223/go.mod h1:STP8DvDyc/dI5b8T5hshtkjS+E42TnysNCUPdjciGhY=
golang.org/x/sys v0.0.0-20190412213103-97732733099d/go.mod h1:h1NjWce9XRLGQEsW7wpKNCjG9DtNlClVuFLEZdDNbEs=
golang.org/x/sys v0.0.0-20191008105621-543471e840be/go.mod h1:h1NjWce9XRLGQEsW7wpKNCjG9DtNlClVuFLEZdDNbEs=
golang.org/x/sys v0.0.0-20200923182605-d9f96fdee20d/go.mod h1:h1NjWce9XRLGQEsW7wpKNCjG9DtNlClVuFLEZdDNbEs=
golang.org/x/sys v0.0.0-20200930185726-fdedc70b468f/go.mod h1:h1NjWce9XRLGQEsW7wpKNCjG9DtNlClVuFLEZdDNbEs=
golang.org/x/sys v0.0.0-20201119102817-f84b799fce68/go.mod h1:h1NjWce9XRLGQEsW7wpKNCjG9DtNlClVuFLEZdDNbEs=
golang.org/x/sys v0.0.0-20210423082822-04245dca01da/go.mod h1:h1NjWce9XRLGQEsW7wpKNCjG9DtNlClVuFLEZdDNbEs=
golang.org/x/sys v0.0.0-20210615035016-665e8c7367d1/go.mod h1:oPkhp1MJrh7nUepCBck5+mAzfO9JrbApNNgaTdGDITg=
golang.org/x/sys v0.0.0-20220520151302-bc2c85ada10a/go.mod h1:oPkhp1MJrh7nUepCBck5+mAzfO9JrbApNNgaTdGDITg=
golang.org/x/sys v0.0.0-20220722155257-8c9f86f7a55f/go.mod h1:oPkhp1MJrh7nUepCBck5+mAzfO9JrbApNNgaTdGDITg=
golang.org/x/sys v0.0.0-20220811171246-fbc7d0a398ab/go.mod h1:oPkhp1MJrh7nUepCBck5+mAzfO9JrbApNNgaTdGDITg=
golang.org/x/sys v0.4.0/go.mod h1:oPkhp1MJrh7nUepCBck5+mAzfO9JrbApNNgaTdGDITg=
golang.org/x/sys v0.4.1-0.20230105183443-b8be2fde2a9e/go.mod h1:oPkhp1MJrh7nUepCBck5+mAzfO9JrbApNNgaTdGDITg=
golang.org/x/sys v0.6.0/go.mod h1:oPkhp1MJrh7nUepCBck5+mAzfO9JrbApNNgaTdGDITg=
golang.org/x/sys v0.19.0 h1:q5f1RH2jigJ1MoAWp2KTp3gm5zAGFUTarQZ5U386+4o=
golang.org/x/sys v0.19.0/go.mod h1:/VUhepiaJMQUp4+oa/7Zr1D23ma6VTLIYjOOTFZPUcA=
golang.org/x/term v0.0.0-20201126162022-7de9c90e9dd1/go.mod h1:bj7SfCRtBDWHUb9snDiAeCFNEtKQo2Wmx5Cou7ajbmo=
golang.org/x/term v0.0.0-20210927222741-03fcf44c2211/go.mod h1:jbD1KX2456YbFQfuXm/mYQcufACuNUgVhRMnK/tPxf8=
golang.org/x/term v0.4.0/go.mod h1:9P2UbLfCdcvo3p/nzKvsmas4TnlujnuoV9hGgYzW1lQ=
golang.org/x/text v0.3.0/go.mod h1:NqM8EUOU14njkJ3fqMW+pc6Ldnwhi/IjpwHt7yyuwOQ=
golang.org/x/text v0.3.3/go.mod h1:5Zoc/QRtKVWzQhOtBMvqHzDpF6irO9z98xDceosuGiQ=
golang.org/x/text v0.3.6/go.mod h1:5Zoc/QRtKVWzQhOtBMvqHzDpF6irO9z98xDceosuGiQ=
golang.org/x/text v0.3.7/go.mod h1:u+2+/6zg+i71rQMx5EYifcz6MCKuco9NR6JIITiCfzQ=
golang.org/x/text v0.6.0/go.mod h1:mrYo+phRRbMaCq/xk9113O4dZlRixOauAjOtrjsXDZ8=
golang.org/x/text v0.14.0 h1:ScX5w1eTa3QqT8oi6+ziP7dTV1S2+ALU0bI+0zXKWiQ=
golang.org/x/text v0.14.0/go.mod h1:18ZOQIKpY8NJVqYksKHtTdi31H5itFRjB5/qKTNYzSU=
golang.org/x/time v0.0.0-20220922220347-f3bd1da661af/go.mod h1:tRJNPiyCQ0inRvYxbN9jk5I+vvW/OXSQhTDSoE431IQ=
golang.org/x/time v0.5.0 h1:o7cqy6amK/52YcAKIPlM3a+Fpj35zvRj2TP+e1xFSfk=
golang.org/x/tools v0.0.0-20180917221912-90fa682c2a6e/go.mod h1:n7NCudcB/nEzxVGmLbDWY5pfWTLqBcC2KZ6jyYvM4mQ=
golang.org/x/tools v0.0.0-20190424220101-1e8e1cfdf96b/go.mod h1:RgjU9mgBXZiqYHBnxXauZ1Gv1EHHAz9KjViQ78xBX0Q=
golang.org/x/tools v0.0.0-20191119224855-298f0cb1881e/go.mod h1:b+2E5dAYhXwXZwtnZ6UAqBI28+e2cm9otk0dWdXHAEo=
golang.org/x/tools v0.0.0-20200619180055-7c47624df98f/go.mod h1:EkVYQZoAsY45+roYkvgYkIh4xh/qjgUK9TdY2XT94GE=
golang.org/x/tools v0.0.0-20210106214847-113979e3529a/go.mod h1:emZCQorbCU4vsT4fOWvOPXz4eW1wZW4PmDk9uLelYpA=
golang.org/x/tools v0.1.12/go.mod h1:hNGJHUnrk76NpqgfD5Aqm5Crs+Hm0VOH/i9J2+nxYbc=
golang.org/x/xerrors v0.0.0-20190717185122-a985d3407aa7/go.mod h1:I/5z698sn9Ka8TeJc9MKroUUfqBBauWjQqLJ2OPfmY0=
golang.org/x/xerrors v0.0.0-20191011141410-1b5146add898/go.mod h1:I/5z698sn9Ka8TeJc9MKroUUfqBBauWjQqLJ2OPfmY0=
golang.org/x/xerrors v0.0.0-20191204190536-9bdfabe68543/go.mod h1:I/5z698sn9Ka8TeJc9MKroUUfqBBauWjQqLJ2OPfmY0=
golang.org/x/xerrors v0.0.0-20200804184101-5ec99f83aff1/go.mod h1:I/5z698sn9Ka8TeJc9MKroUUfqBBauWjQqLJ2OPfmY0=
google.golang.org/genproto v0.0.0-20240123012728-ef4313101c80 h1:KAeGQVN3M9nD0/bQXnr/ClcEMJ968gUXJQ9pwfSynuQ=
google.golang.org/genproto/googleapis/api v0.0.0-20240123012728-ef4313101c80 h1:Lj5rbfG876hIAYFjqiJnPHfhXbv+nzTWfm04Fg/XSVU=
google.golang.org/genproto/googleapis/api v0.0.0-20240123012728-ef4313101c80/go.mod h1:4jWUdICTdgc3Ibxmr8nAJiiLHwQBY0UI0XZcEMaFKaA=
google.golang.org/genproto/googleapis/rpc v0.0.0-20240123012728-ef4313101c80 h1:AjyfHzEPEFp/NpvfN5g+KDla3EMojjhRVZc1i7cj+oM=
google.golang.org/genproto/googleapis/rpc v0.0.0-20240123012728-ef4313101c80/go.mod h1:PAREbraiVEVGVdTZsVWjSbbTtSyGbAgIIvni8a8CD5s=
google.golang.org/grpc v1.62.0 h1:HQKZ/fa1bXkX1oFOvSjmZEUL8wLSaZTjCcLAlmZRtdk=
google.golang.org/grpc v1.62.0/go.mod h1:IWTG0VlJLCh1SkC58F7np9ka9mx/WNkjl4PGJaiq+QE=
google.golang.org/protobuf v0.0.0-20200109180630-ec00e32a8dfd/go.mod h1:DFci5gLYBciE7Vtevhsrf46CRTquxDuWsQurQQe4oz8=
google.golang.org/protobuf v0.0.0-20200221191635-4d8936d0db64/go.mod h1:kwYJMbMJ01Woi6D6+Kah6886xMZcty6N08ah7+eCXa0=
google.golang.org/protobuf v0.0.0-20200228230310-ab0ca4ff8a60/go.mod h1:cfTl7dwQJ+fmap5saPgwCLgHXTUD7jkjRqWcaiX5VyM=
google.golang.org/protobuf v1.20.1-0.20200309200217-e05f789c0967/go.mod h1:A+miEFZTKqfCUM6K7xSMQL9OKL/b6hQv+e19PK+JZNE=
google.golang.org/protobuf v1.21.0/go.mod h1:47Nbq4nVaFHyn7ilMalzfO3qCViNmqZ2kzikPIcrTAo=
google.golang.org/protobuf v1.23.0/go.mod h1:EGpADcykh3NcUnDUJcl1+ZksZNG86OlYog2l/sGQquU=
google.golang.org/protobuf v1.26.0-rc.1/go.mod h1:jlhhOSvTdKEhbULTjvd4ARK9grFBp09yW+WbY/TyQbw=
google.golang.org/protobuf v1.26.0/go.mod h1:9q0QmTI4eRPtz6boOQmLYwt+qCgq0jsYwAQnmE0givc=
google.golang.org/protobuf v1.32.0 h1:pPC6BG5ex8PDFnkbrGU3EixyhKcQ2aDuBS36lqK/C7I=
google.golang.org/protobuf v1.32.0/go.mod h1:c6P6GXX6sHbq/GpV6MGZEdwhWPcYBgnhAHhKbcUYpos=
gopkg.in/check.v1 v0.0.0-20161208181325-20d25e280405/go.mod h1:Co6ibVJAznAaIkqp8huTwlJQCZ016jof/cbN4VW5Yz0=
gopkg.in/check.v1 v1.0.0-20180628173108-788fd7840127/go.mod h1:Co6ibVJAznAaIkqp8huTwlJQCZ016jof/cbN4VW5Yz0=
gopkg.in/check.v1 v1.0.0-20201130134442-10cb98267c6c h1:Hei/4ADfdWqJk1ZMxUNpqntNwaWcugrBjAiHlqqRiVk=
gopkg.in/h2non/gock.v1 v1.1.2 h1:jBbHXgGBK/AoPVfJh5x4r/WxIrElvbLel8TCZkkZJoY=
gopkg.in/yaml.v2 v2.4.0 h1:D8xgwECY7CYvx+Y2n4sBz93Jn9JRvxdiyyo8CTfuKaY=
gopkg.in/yaml.v2 v2.4.0/go.mod h1:RDklbk79AGWmwhnvt/jBztapEOGDOx6ZbXqjP6csGnQ=
gopkg.in/yaml.v3 v3.0.0-20200313102051-9f266ea9e77c/go.mod h1:K4uyk7z7BCEPqu6E+C64Yfv1cQ7kz7rIZviUmN+EgEM=
gopkg.in/yaml.v3 v3.0.0-20210107192922-496545a6307b/go.mod h1:K4uyk7z7BCEPqu6E+C64Yfv1cQ7kz7rIZviUmN+EgEM=
gopkg.in/yaml.v3 v3.0.1 h1:fxVm/GzAzEWqLHuvctI91KS9hhNmmWOoWu0XTYJS7CA=
gopkg.in/yaml.v3 v3.0.1/go.mod h1:K4uyk7z7BCEPqu6E+C64Yfv1cQ7kz7rIZviUmN+EgEM=
k8s.io/utils v0.0.0-20230726121419-3b25d923346b h1:sgn3ZU783SCgtaSJjpcVVlRqd6GSnlTLKgpAAttJvpI=
